
Microsoft Visual Studio Solution File, Format Version 12.00
# Visual Studio 2012
Project("{FAE04EC0-301F-11D3-BF4B-00C04F79EFBC}") = "EkranPaylas", "EkranPaylas\EkranPaylas.csproj", "{D6E5D967-CE8B-4743-9BDE-AEB512398CB9}"
EndProject
Project("{FAE04EC0-301F-11D3-BF4B-00C04F79EFBC}") = "EkranPaylas.UnitTests", "EkranPaylas.Tests\EkranPaylas.UnitTests.csproj", "{BE809E50-DA16-485F-B2A5-9BD4CF878F48}"
EndProject
Project("{FAE04EC0-301F-11D3-BF4B-00C04F79EFBC}") = "EkranPaylas.Hook", "EkranPaylas.Hook\EkranPaylas.Hook.csproj", "{F52AA97E-180A-40ED-8F2B-09080171D6C7}"
EndProject
Project("{FAE04EC0-301F-11D3-BF4B-00C04F79EFBC}") = "EkranPaylas.IntegrationTests", "EkranPaylas.IntegrationTests\EkranPaylas.IntegrationTests.csproj", "{FF670C07-2FB0-413C-8855-663640D5385B}"
EndProject
Project("{2150E333-8FDC-42A3-9474-1A3956D46DE8}") = ".nuget", ".nuget", "{02C09234-7A80-4A2C-BE15-6AE68522C778}"
	ProjectSection(SolutionItems) = preProject
		.nuget\NuGet.Config = .nuget\NuGet.Config
		.nuget\NuGet.exe = .nuget\NuGet.exe
		.nuget\NuGet.targets = .nuget\NuGet.targets
	EndProjectSection
EndProject
Project("{FAE04EC0-301F-11D3-BF4B-00C04F79EFBC}") = "EkranPaylas.Service", "EkranPaylas.Service\EkranPaylas.Service.csproj", "{40EEA309-5150-4127-8488-4CE3EE3561A6}"
EndProject
Project("{FAE04EC0-301F-11D3-BF4B-00C04F79EFBC}") = "EkranPaylas.FrontEnd", "EkranPaylas.FrontEnd\EkranPaylas.FrontEnd.csproj", "{E4CCCCC3-AEEA-4A0F-9AE9-849C49381C01}"
EndProject
Project("{FAE04EC0-301F-11D3-BF4B-00C04F79EFBC}") = "EkranPaylas.Data", "EkranPaylas.Data\EkranPaylas.Data.csproj", "{F38D453F-DF2F-43B4-AB9B-37926BCFC8E0}"
EndProject
Project("{2150E333-8FDC-42A3-9474-1A3956D46DE8}") = "Web", "Web", "{512BB278-23BF-407A-8569-D6C2EBEC9A54}"
EndProject
Project("{2150E333-8FDC-42A3-9474-1A3956D46DE8}") = "Desktop", "Desktop", "{57DB97EE-2927-48E9-A04F-2C891C57D80A}"
EndProject
Project("{2150E333-8FDC-42A3-9474-1A3956D46DE8}") = "Tests", "Tests", "{BD394B91-F82F-42E5-97C9-CE7D8FFCABB9}"
EndProject
Global
	GlobalSection(SolutionConfigurationPlatforms) = preSolution
		Debug|Any CPU = Debug|Any CPU
		Debug|x64 = Debug|x64
		Debug|x86 = Debug|x86
		Release|Any CPU = Release|Any CPU
		Release|x64 = Release|x64
		Release|x86 = Release|x86
	EndGlobalSection
	GlobalSection(ProjectConfigurationPlatforms) = postSolution
		{D6E5D967-CE8B-4743-9BDE-AEB512398CB9}.Debug|Any CPU.ActiveCfg = Debug|Any CPU
		{D6E5D967-CE8B-4743-9BDE-AEB512398CB9}.Debug|Any CPU.Build.0 = Debug|Any CPU
		{D6E5D967-CE8B-4743-9BDE-AEB512398CB9}.Debug|x64.ActiveCfg = Debug|Any CPU
		{D6E5D967-CE8B-4743-9BDE-AEB512398CB9}.Debug|x86.ActiveCfg = Debug|Any CPU
		{D6E5D967-CE8B-4743-9BDE-AEB512398CB9}.Release|Any CPU.ActiveCfg = Release|Any CPU
		{D6E5D967-CE8B-4743-9BDE-AEB512398CB9}.Release|Any CPU.Build.0 = Release|Any CPU
		{D6E5D967-CE8B-4743-9BDE-AEB512398CB9}.Release|x64.ActiveCfg = Release|Any CPU
		{D6E5D967-CE8B-4743-9BDE-AEB512398CB9}.Release|x86.ActiveCfg = Release|Any CPU
		{BE809E50-DA16-485F-B2A5-9BD4CF878F48}.Debug|Any CPU.ActiveCfg = Debug|Any CPU
		{BE809E50-DA16-485F-B2A5-9BD4CF878F48}.Debug|Any CPU.Build.0 = Debug|Any CPU
		{BE809E50-DA16-485F-B2A5-9BD4CF878F48}.Debug|x64.ActiveCfg = Debug|Any CPU
		{BE809E50-DA16-485F-B2A5-9BD4CF878F48}.Debug|x86.ActiveCfg = Debug|Any CPU
		{BE809E50-DA16-485F-B2A5-9BD4CF878F48}.Release|Any CPU.ActiveCfg = Release|Any CPU
		{BE809E50-DA16-485F-B2A5-9BD4CF878F48}.Release|Any CPU.Build.0 = Release|Any CPU
		{BE809E50-DA16-485F-B2A5-9BD4CF878F48}.Release|x64.ActiveCfg = Release|Any CPU
		{BE809E50-DA16-485F-B2A5-9BD4CF878F48}.Release|x86.ActiveCfg = Release|Any CPU
		{F52AA97E-180A-40ED-8F2B-09080171D6C7}.Debug|Any CPU.ActiveCfg = Debug|Any CPU
		{F52AA97E-180A-40ED-8F2B-09080171D6C7}.Debug|Any CPU.Build.0 = Debug|Any CPU
		{F52AA97E-180A-40ED-8F2B-09080171D6C7}.Debug|x64.ActiveCfg = Debug|x64
		{F52AA97E-180A-40ED-8F2B-09080171D6C7}.Debug|x64.Build.0 = Debug|x64
		{F52AA97E-180A-40ED-8F2B-09080171D6C7}.Debug|x86.ActiveCfg = Debug|x86
		{F52AA97E-180A-40ED-8F2B-09080171D6C7}.Debug|x86.Build.0 = Debug|x86
		{F52AA97E-180A-40ED-8F2B-09080171D6C7}.Release|Any CPU.ActiveCfg = Release|Any CPU
		{F52AA97E-180A-40ED-8F2B-09080171D6C7}.Release|Any CPU.Build.0 = Release|Any CPU
		{F52AA97E-180A-40ED-8F2B-09080171D6C7}.Release|x64.ActiveCfg = Release|x64
		{F52AA97E-180A-40ED-8F2B-09080171D6C7}.Release|x64.Build.0 = Release|x64
		{F52AA97E-180A-40ED-8F2B-09080171D6C7}.Release|x86.ActiveCfg = Release|x86
		{F52AA97E-180A-40ED-8F2B-09080171D6C7}.Release|x86.Build.0 = Release|x86
		{FF670C07-2FB0-413C-8855-663640D5385B}.Debug|Any CPU.ActiveCfg = Debug|Any CPU
		{FF670C07-2FB0-413C-8855-663640D5385B}.Debug|Any CPU.Build.0 = Debug|Any CPU
		{FF670C07-2FB0-413C-8855-663640D5385B}.Debug|x64.ActiveCfg = Debug|Any CPU
		{FF670C07-2FB0-413C-8855-663640D5385B}.Debug|x86.ActiveCfg = Debug|Any CPU
		{FF670C07-2FB0-413C-8855-663640D5385B}.Release|Any CPU.ActiveCfg = Release|Any CPU
		{FF670C07-2FB0-413C-8855-663640D5385B}.Release|Any CPU.Build.0 = Release|Any CPU
		{FF670C07-2FB0-413C-8855-663640D5385B}.Release|x64.ActiveCfg = Release|Any CPU
		{FF670C07-2FB0-413C-8855-663640D5385B}.Release|x86.ActiveCfg = Release|Any CPU
		{40EEA309-5150-4127-8488-4CE3EE3561A6}.Debug|Any CPU.ActiveCfg = Debug|Any CPU
		{40EEA309-5150-4127-8488-4CE3EE3561A6}.Debug|Any CPU.Build.0 = Debug|Any CPU
		{40EEA309-5150-4127-8488-4CE3EE3561A6}.Debug|x64.ActiveCfg = Debug|Any CPU
		{40EEA309-5150-4127-8488-4CE3EE3561A6}.Debug|x86.ActiveCfg = Debug|Any CPU
		{40EEA309-5150-4127-8488-4CE3EE3561A6}.Release|Any CPU.ActiveCfg = Release|Any CPU
		{40EEA309-5150-4127-8488-4CE3EE3561A6}.Release|Any CPU.Build.0 = Release|Any CPU
		{40EEA309-5150-4127-8488-4CE3EE3561A6}.Release|x64.ActiveCfg = Release|Any CPU
		{40EEA309-5150-4127-8488-4CE3EE3561A6}.Release|x86.ActiveCfg = Release|Any CPU
		{E4CCCCC3-AEEA-4A0F-9AE9-849C49381C01}.Debug|Any CPU.ActiveCfg = Debug|Any CPU
		{E4CCCCC3-AEEA-4A0F-9AE9-849C49381C01}.Debug|Any CPU.Build.0 = Debug|Any CPU
		{E4CCCCC3-AEEA-4A0F-9AE9-849C49381C01}.Debug|x64.ActiveCfg = Debug|Any CPU
		{E4CCCCC3-AEEA-4A0F-9AE9-849C49381C01}.Debug|x86.ActiveCfg = Debug|Any CPU
		{E4CCCCC3-AEEA-4A0F-9AE9-849C49381C01}.Release|Any CPU.ActiveCfg = Release|Any CPU
		{E4CCCCC3-AEEA-4A0F-9AE9-849C49381C01}.Release|Any CPU.Build.0 = Release|Any CPU
		{E4CCCCC3-AEEA-4A0F-9AE9-849C49381C01}.Release|x64.ActiveCfg = Release|Any CPU
		{E4CCCCC3-AEEA-4A0F-9AE9-849C49381C01}.Release|x86.ActiveCfg = Release|Any CPU
		{F38D453F-DF2F-43B4-AB9B-37926BCFC8E0}.Debug|Any CPU.ActiveCfg = Debug|Any CPU
		{F38D453F-DF2F-43B4-AB9B-37926BCFC8E0}.Debug|Any CPU.Build.0 = Debug|Any CPU
		{F38D453F-DF2F-43B4-AB9B-37926BCFC8E0}.Debug|x64.ActiveCfg = Debug|Any CPU
		{F38D453F-DF2F-43B4-AB9B-37926BCFC8E0}.Debug|x86.ActiveCfg = Debug|Any CPU
		{F38D453F-DF2F-43B4-AB9B-37926BCFC8E0}.Release|Any CPU.ActiveCfg = Release|Any CPU
		{F38D453F-DF2F-43B4-AB9B-37926BCFC8E0}.Release|Any CPU.Build.0 = Release|Any CPU
		{F38D453F-DF2F-43B4-AB9B-37926BCFC8E0}.Release|x64.ActiveCfg = Release|Any CPU
		{F38D453F-DF2F-43B4-AB9B-37926BCFC8E0}.Release|x86.ActiveCfg = Release|Any CPU
	EndGlobalSection
	GlobalSection(SolutionProperties) = preSolution
		HideSolutionNode = FALSE
	EndGlobalSection
	GlobalSection(NestedProjects) = preSolution
		{F52AA97E-180A-40ED-8F2B-09080171D6C7} = {57DB97EE-2927-48E9-A04F-2C891C57D80A}
		{D6E5D967-CE8B-4743-9BDE-AEB512398CB9} = {57DB97EE-2927-48E9-A04F-2C891C57D80A}
		{FF670C07-2FB0-413C-8855-663640D5385B} = {BD394B91-F82F-42E5-97C9-CE7D8FFCABB9}
		{BE809E50-DA16-485F-B2A5-9BD4CF878F48} = {BD394B91-F82F-42E5-97C9-CE7D8FFCABB9}
		{E4CCCCC3-AEEA-4A0F-9AE9-849C49381C01} = {512BB278-23BF-407A-8569-D6C2EBEC9A54}
		{F38D453F-DF2F-43B4-AB9B-37926BCFC8E0} = {512BB278-23BF-407A-8569-D6C2EBEC9A54}
		{40EEA309-5150-4127-8488-4CE3EE3561A6} = {512BB278-23BF-407A-8569-D6C2EBEC9A54}
	EndGlobalSection
EndGlobal
